github.com/AndreasBriese/bbloom v0.0.0-20170702084017-28f7e881ca57 h1:CVuXDbdzPW0XCNYTldy5dQues57geAs+vfwz3FTTpy8=
github.com/AndreasBriese/bbloom v0.0.0-20170702084017-28f7e881ca57/go.mod h1:bOvUY6CB00SOBii9/FifXqc0awNKxLFCL/+pkDPuyl8=
github.com/StackExchange/wmi v0.0.0-20181212234831-e0a55b97c705 h1:UUppSQnhf4Yc6xGxSkoQpPhb7RVzuv5Nb1mwJ5VId9s=
github.com/StackExchange/wmi v0.0.0-20181212234831-e0a55b97c705/go.mod h1:3eOhrUMpNV+6aFIbp5/iudMxNCF27Vw2OZgy4xEx0Fg=
github.com/armon/go-radix v0.0.0-20170727155443-1fca145dffbc h1:/WQ8Tr5zbclKWAtvafIcAk/njNpW3gtd22TLLouv+6Q=
github.com/armon/go-radix v0.0.0-20170727155443-1fca145dffbc/go.mod h1:ufUuZ+zHj4x4TnLV4JWEpy2hxWSpsRywHrMgIH9cCH8=
github.com/beorn7/perks v0.0.0-20180321164747-3a771d992973 h1:xJ4a3vCFaGF/jqvzLMYoU8P317H5OQ+Via4RmuPwCS0=
github.com/beorn7/perks v0.0.0-20180321164747-3a771d992973/go.mod h1:Dwedo/Wpr24TaqPxmxbtue+5NUziq4I4S80YR8gNf3Q=
github.com/bgentry/speakeasy v0.1.0 h1:ByYyxL9InA1OWqxJqqp2A5pYHUrCiAL6K3J+LKSsQkY=
github.com/bgentry/speakeasy v0.1.0/go.mod h1:+zsyZBPWlz7T6j88CTgSN5bM796AkVf0kBD4zp0CCIs=
github.com/cockroachdb/c-jemalloc v0.0.0-20170411174633-bc4025230132 h1:JLzodNNPyO/As0DmKyGZewPESS0eIleUlwJlJHJCF5Q=
github.com/cockroachdb/c-jemalloc v0.0.0-20170411174633-bc4025230132/go.mod h1:wlVnFXJUiqHOCPwyycY+y9LV/cw07BVqBaDqbwOLKW0=
github.com/cockroachdb/c-lz4 v0.0.0-20160606191938-834d3303c9e8 h1:o4f8dB7ZhZd9WmBCfEI1i2oMUnbvJlF8WEGx8oKS914=
github.com/cockroachdb/c-lz4 v0.0.0-20160606191938-834d3303c9e8/go.mod h1:Ola79mpcElJLxidgc5m6hoB/+JbsWaPZtYCK78lDSU4=
github.com/cockroachdb/c-rocksdb v0.0.0-20170329231916-0dd42399d1f0 h1:Cce9tMnUv6MOozc89XuUDr6f+hvyZe4Bswue1Kw9U8w=
github.com/cockroachdb/c-rocksdb v0.0.0-20170329231916-0dd42399d1f0/go.mod h1:0tLJ2N1ipZxhquHE1rWtErugwvyd5VehxVB2qWfaDt4=
github.com/cockroachdb/c-snappy v0.0.0-20161124051749-c0cd3c9ce92f h1:zqXJ1sagQ3Zr7H5UD1ZMOhXqgU7g5FNub/3NttbKF94=
github.com/cockroachdb/c-snappy v0.0.0-20161124051749-c0cd3c9ce92f/go.mod h1:iWbaWq4XhdoEer6gt70/Hf6f0UevUJjni6spJ1T65rU=
github.com/davecgh/go-spew v1.1.1 h1:vj9j/u1bqnvCEfJOwUhtlOARqs3+rkHYY13jYWTU97c=
github.com/davecgh/go-spew v1.1.1/go.mod h1:J7Y8YcW2NihsgmVo/mv3lAwl/skON4iLHjSsI+c5H38=
github.com/facebookgo/ensure v0.0.0-20160127193407-b4ab57deab51 h1:0JZ+dUmQeA8IIVUMzysrX4/AKuQwWhV2dYQuPZdvdSQ=
github.com/facebookgo/ensure v0.0.0-20160127193407-b4ab57deab51/go.mod h1:Yg+htXGokKKdzcwhuNDwVvN+uBxDGXJ7G/VN1d8fa64=
github.com/facebookgo/stack v0.0.0-20160209184415-751773369052 h1:JWuenKqqX8nojtoVVWjGfOF9635RETekkoH6Cc9SX0A=
github.com/facebookgo/stack v0.0.0-20160209184415-751773369052/go.mod h1:UbMTZqLaRiH3MsBH8va0n7s1pQYcu3uTb8G4tygF4Zg=
github.com/facebookgo/subset v0.0.0-20150612182917-8dac2c3c4870 h1:E2s37DuLxFhQDg5gKsWoLBOB0n+ZW8s599zru8FJ2/Y=
github.com/facebookgo/subset v0.0.0-20150612182917-8dac2c3c4870/go.mod h1:5tD+neXqOorC30/tWg0LCSkrqj/AR6gu8yY8/fpw1q0=
github.com/fatih/color v1.6.0 h1:66qjqZk8kalYAvDRtM1AdAJQI0tj4Wrue3Eq3B3pmFU=
github.com/fatih/color v1.6.0/go.mod h1:Zm6kSWBoL9eyXnKyktHP6abPY2pDugNf5KwzbycvMj4=
github.com/go-errors/errors v1.0.1 h1:LUHzmkK3GUKUrL/1gfBUxAHzcev3apQlezX/+O7ma6w=
github.com/go-errors/errors v1.0.1/go.mod h1:f4zRHt4oKfwPJE5k8C9vpYG+aDHdBFUsgrm6/TyX73Q=
github.com/go-ole/go-ole v1.2.4 h1:nNBDSCOigTSiarFpYE9J/KtEA1IOW4CNeqT9TQDqCxI=
github.com/go-ole/go-ole v1.2.4/go.mod h1:XCwSNxSkXRo4vlyPy93sltvi/qJq0jqQhjqQNIwKuxM=
github.com/golang/protobuf v1.2.0 h1:P3YflyNX/ehuJFLhxviNdFxQPkGK5cDcApsge1SqnvM=
github.com/golang/protobuf v1.2.0/go.mod h1:6lQm79b+lXiMfvg/cZm0SGofjICqVBUtrP5yJMmIC1U=
github.com/hashicorp/errwrap v1.0.0 h1:hLrqtEDnRye3+sgx6z4qVLNuviH3MR5aQ0ykNJa/UYA=
github.com/hashicorp/errwrap v1.0.0/go.mod h1:YH+1FKiLXxHSkmPseP+kNlulaMuP3n2brvKWEqk/Jc4=
github.com/hashicorp/go-multierror v0.0.0-20171204182908-b7773ae21874 h1:em+tTnzgU7N22woTBMcSJAOW7tRHAkK597W+MD/CpK8=
github.com/hashicorp/go-multierror v0.0.0-20171204182908-b7773ae21874/go.mod h1:JMRHfdO9jKNzS/+BTlxCjKNQHg/jZAft8U7LloJvN7I=
github.com/hashicorp/go-syslog v0.0.0-20170829120034-326bf4a7f709 h1:enUsQkqbxkzcaVS39jufLmoyfYiytv/F7squLdL9giU=
github.com/hashicorp/go-syslog v0.0.0-20170829120034-326bf4a7f709/go.mod h1:qPfqrKkXGihmCqbJM2mZgkZGvKG1dFdvsLplgctolz4=
github.com/justinas/alice v0.0.0-20160910103822-1051eaf52fca h1:xI08OYkay8GUWM+KukP7RodNgkaBCgwQptWfuO8cX70=
github.com/justinas/alice v0.0.0-20160910103822-1051eaf52fca/go.mod h1:oLH0CmIaxCGXD67VKGR5AacGXZSMznlmeqM8RzPrcY8=
github.com/kr/pretty v0.1.0 h1:L/CwN0zerZDmRFUapSPitk6f+Q3+0za1rQkzVuMiMFI=
github.com/kr/pretty v0.1.0/go.mod h1:dAy3ld7l9f0ibDNOQOHHMYYIIbhfbHSm3C4ZsoJORNo=
github.com/kr/pty v1.1.1/go.mod h1:pFQYn66WHrOpPYNljwOMqo10TkYh1fy3cYio2l3bCsQ=
github.com/kr/text v0.1.0 h1:45sCR5RtlFHMR4UwH9sdQ5TC8v0qDQCHnXt+kaKSTVE=
github.com/kr/text v0.1.0/go.mod h1:4Jbv+DJW3UT/LiOwJeYQe1efqtUx/iVham/4vfdArNI=
github.com/m3db/prometheus_client_golang v0.8.0 h1:fKEmdhlKo0ZoOtNjpxAQY8G5TQaA4v5LBSn/MudL9Uc=
github.com/m3db/prometheus_client_golang v0.8.0/go.mod h1:8R/f1xYhXWq59KD/mbRqoBulXejss7vYtYzWmruNUwI=
github.com/m3db/prometheus_client_model v0.0.0-20180917135020-d3fff8420252 h1:ljchYlsIgqYga369Vm/CCVOQduy79VBQahNetggLFe4=
github.com/m3db/prometheus_client_model v0.0.0-20180917135020-d3fff8420252/go.mod h1:Qfsxn+LypxzF+lNhak7cF7k0zxK7uB/ynGYoj80zcD4=
github.com/mattn/go-colorable v0.1.1 h1:G1f5SKeVxmagw/IyvzvtZE4Gybcc4Tr1tf7I8z0XgOg=
github.com/mattn/go-colorable v0.1.1/go.mod h1:FuOcm+DKB9mbwrcAfNl7/TZVBZ6rcnceauSikq3lYCQ=
github.com/mattn/go-isatty v0.0.5 h1:tHXDdz1cpzGaovsTB+TVB8q90WEokoVmfMqoVcrLUgw=
github.com/mattn/go-isatty v0.0.5/go.mod h1:Iq45c/XA43vh69/j3iqttzPXn0bhXyGjM0Hdxcsrc5s=
github.com/matttproud/golang_protobuf_extensions v1.0.1 h1:4hp9jkHxhMHkqkrB3Ix0jegS5sx/RkqARlsWZ6pIwiU=
github.com/matttproud/golang_protobuf_extensions v1.0.1/go.mod h1:D8He9yQNgCq6Z5Ld7szi9bcBfOoFv/3dc6xSMkL2PC0=
github.com/mitchellh/cli v0.0.0-20180406011036-c54c85e9bd49 h1:kDk3m1UKX0uplAKOlTOqlvpDYqeeZOIEB49er9U4mZ8=
github.com/mitchellh/cli v0.0.0-20180406011036-c54c85e9bd49/go.mod h1:oGumspjLm2kTyiT1QMGpFqRlmxnKHfCvhZEVnx+5UeE=
github.com/pkg/errors v0.8.1 h1:iURUrRGxPUNPdy5/HRSm+Yj6okJ6UtLINN0Q9M4+h3I=
github.com/pkg/errors v0.8.1/go.mod h1:bwawxfHBFNV+L2hUp1rHADufV3IMtnDRdf1r5NINEl0=
github.com/pmezard/go-difflib v1.0.0 h1:4DBwDE0NGyQoBHbLQYPwSUPoCMWR5BEzIk/f1lZbAQM=
github.com/pmezard/go-difflib v1.0.0/go.mod h1:iKH77koFhYxTK1pcRnkKkqfTogsbg7gZNVY4sRDYZ/4=
github.com/posener/complete v1.1.1 h1:ccV59UEOTzVDnDUEFdT95ZzHVZ+5+158q8+SJb2QV5w=
github.com/posener/complete v1.1.1/go.mod h1:em0nMJCgc9GFtwrmVmEMR/ZL6WyhyjMBndrE9hABlRI=
github.com/prometheus/client_golang v0.9.2 h1:awm861/B8OKDd2I/6o1dy3ra4BamzKhYOiGItCeZ740=
github.com/prometheus/client_golang v0.9.2/go.mod h1:OsXs2jCmiKlQ1lTBmv21f2mNfw4xf/QclQDMrYNZzcM=
github.com/prometheus/client_model v0.0.0-20180712105110-5c3871d89910 h1:idejC8f05m9MGOsuEi1ATq9shN03HrxNkD/luQvxCv8=
github.com/prometheus/client_model v0.0.0-20180712105110-5c3871d89910/go.mod h1:MbSGuTsp3dbXC40dX6PRTWyKYBIrTGTE9sqQNg2J8bo=
github.com/prometheus/common v0.0.0-20181126121408-4724e9255275 h1:PnBWHBf+6L0jOqq0gIVUe6Yk0/QMZ640k6NvkxcBf+8=
github.com/prometheus/common v0.0.0-20181126121408-4724e9255275/go.mod h1:daVV7qP5qjZbuso7PdcryaAu0sAZbrN9i7WWcTMWvro=
github.com/prometheus/procfs v0.0.0-20181204211112-1dc9a6cbc91a h1:9a8MnZMP0X2nLJdBg+pBmGgkJlSaKC2KaQmTCk1XDtE=
github.com/prometheus/procfs v0.0.0-20181204211112-1dc9a6cbc91a/go.mod h1:c3At6R/oaqEKCNdg8wHV1ftS6bRYblBhIjjI8uT2IGk=
github.com/shirou/gopsutil v0.0.0-20170519034114-fd7db8b441af h1:t46KblW0sfewDjeSZpT+xtp4oeoyvmEGXFqqDcusO3M=
github.com/shirou/gopsutil v0.0.0-20170519034114-fd7db8b441af/go.mod h1:5b4v6he4MtMOwMlS0TUMTu2PcXUg8+E1lC7eC3UO/RA=
github.com/shirou/w32 v0.0.0-20160930032740-bb4de0191aa4 h1:udFKJ0aHUL60LboW/A+DfgoHVedieIzIXE8uylPue0U=
github.com/shirou/w32 v0.0.0-20160930032740-bb4de0191aa4/go.mod h1:qsXQc7+bwAM3Q1u/4XEfrquwF8Lw7D7y5cD8CuHnfIc=
github.com/stretchr/testify v0.0.0-20170130113145-4d4bfba8f1d1 h1:Zx8Rp9ozC4FPFxfEKRSUu8+Ay3sZxEUZ7JrCWMbGgvE=
github.com/stretchr/testify v0.0.0-20170130113145-4d4bfba8f1d1/go.mod h1:a8OnRcib4nhh0OaRAV+Yts87kKdq0PP7pXfy6kDkUVs=
github.com/tecbot/gorocksdb v0.0.0-20170329202008-53464c3b4bd3 h1:s3CZevqT0CXPzpxU9TkNd+AphFqaYG3bWzPJB789abU=
github.com/tecbot/gorocksdb v0.0.0-20170329202008-53464c3b4bd3/go.mod h1:ahpPrc7HpcfEWDQRZEmnXMzHY03mLDYMCxeDzy46i+8=
github.com/uber-go/tally v3.3.8+incompatible h1:W7t+zGCO1500y2RR3qLsLkktX0YIQxZhy5adJw9pQGY=
github.com/uber-go/tally v3.3.8+incompatible/go.mod h1:YDTIBxdXyOU/sCWilKB4bgyufu1cEi0jdVnRdxvjnmU=
github.com/vaughan0/go-ini v0.0.0-20130923145212-a98ad7ee00ec h1:DGmKwyZwEB8dI7tbLt/I/gQuP559o/0FrAkHKlQM/Ks=
github.com/vaughan0/go-ini v0.0.0-20130923145212-a98ad7ee00ec/go.mod h1:owBmyHYMLkxyrugmfwE/DLJyW8Ro9mkphwuVErQ0iUw=
go.uber.org/atomic v0.0.0-20170509214725-a85b15eff9f2 h1:feEFnVPb/gSscGae+BwhItU3EjjfhyOF4LgGlgJ8nEU=
go.uber.org/atomic v0.0.0-20170509214725-a85b15eff9f2/go.mod h1:gD2HeocX3+yG+ygLZcrzQJaqmWj9AIm7n08wl/qW/PE=
go.uber.org/zap v1.4.0 h1:1NCAUAdWsNejrjT3CHBdCbC20Ztt9AfByBV0NMX6Sao=
go.uber.org/zap v1.4.0/go.mod h1:vwi/ZaCAaUcBkycHslxD9B2zi4UTXhF60s6SWpuDF0Q=
golang.org/x/net v0.0.0-20181201002055-351d144fa1fc h1:a3CU5tJYVj92DY2LaA1kUkrsqD5/3mLDhx2NcNqyW+0=
golang.org/x/net v0.0.0-20181201002055-351d144fa1fc/go.mod h1:mL1N/T3taQHkDXs73rZJwtUhF3w3ftmwwsq0BUmARs4=
golang.org/x/sync v0.0.0-20181108010431-42b317875d0f/go.mod h1:RxMgew5VJxzue5/jJTE5uejpjVlOe/izrB70Jof72aM=
golang.org/x/sync v0.0.0-20190227155943-e225da77a7e6 h1:bjcUS9ztw9kFmmIxJInhon/0Is3p+EHBKNgquIzo1OI=
golang.org/x/sync v0.0.0-20190227155943-e225da77a7e6/go.mod h1:RxMgew5VJxzue5/jJTE5uejpjVlOe/izrB70Jof72aM=
golang.org/x/sys v0.0.0-20190222072716-a9d3bda3a223 h1:DH4skfRX4EBpamg7iV4ZlCpblAHI6s6TDM39bFZumv8=
golang.org/x/sys v0.0.0-20190222072716-a9d3bda3a223/go.mod h1:STP8DvDyc/dI5b8T5hshtkjS+E42TnysNCUPdjciGhY=
golang.org/x/text v0.0.0-20170420072132-19e3104b43db h1:ghrR5LQeRZ/IRo8PyiV+fIRZUqTehoXFeyrfzqMIHdc=
golang.org/x/text v0.0.0-20170420072132-19e3104b43db/go.mod h1:NqM8EUOU14njkJ3fqMW+pc6Ldnwhi/IjpwHt7yyuwOQ=
google.golang.org/genproto v0.0.0-20170404132009-411e09b969b1 h1:HEurpBgyZQ15ngKW89Tw1gNMezbyH69oBSyrKIBvOLw=
google.golang.org/genproto v0.0.0-20170404132009-411e09b969b1/go.mod h1:JiN7NxoALGmiZfu7CAH4rXhgtRTLTxftemlI0sWmxmc=
google.golang.org/grpc v0.0.0-20170418175452-6914ab1e338c h1:NX6ZRjDn3Qchxyh2Nu4UvalLthCumRyZINjDN+lUqlo=
google.golang.org/grpc v0.0.0-20170418175452-6914ab1e338c/go.mod h1:yo6s7OP7yaDglbqo1J04qKzAhqBH6lvTonzMVmEdcZw=
gopkg.in/check.v1 v1.0.0-20180628173108-788fd7840127 h1:qIbj1fsPNlZgppZ+VLlY7N33q108Sa+fhmuc+sWQYwY=
gopkg.in/check.v1 v1.0.0-20180628173108-788fd7840127/go.mod h1:Co6ibVJAznAaIkqp8huTwlJQCZ016jof/cbN4VW5Yz0=
gopkg.in/yaml.v2 v2.0.0-20170721122051-25c4ec802a7d h1:2DX7x6HUDGZUyuEDAhUsQQNqkb1zvDyKTjVoTdzaEzo=
gopkg.in/yaml.v2 v2.0.0-20170721122051-25c4ec802a7d/go.mod h1:JAlM8MvJe8wmxCU4Bli9HhUf9+ttbYbLASfIpnQbh74=
